<?xml version="1.0" encoding="utf-8"?>
<Project ToolsVersion="4.0" xmlns="http://schemas.microsoft.com/developer/msbuild/2003">
  <ItemGroup>
    <ClCompile Include="src\ofApp.cpp">
      <Filter>src</Filter>
    </ClCompile>
    <ClCompile Include="src\main.cpp">
      <Filter>src</Filter>
    </ClCompile>
    <ClCompile Include="..\..\ofxJSON\libs\jsoncpp\src\json_reader.cpp">
      <Filter>addons\ofxJson\libs\jsoncpp\source</Filter>
    </ClCompile>
    <ClCompile Include="..\..\ofxJSON\libs\jsoncpp\src\json_value.cpp">
      <Filter>addons\ofxJson\libs\jsoncpp\source</Filter>
    </ClCompile>
    <ClCompile Include="..\..\ofxJSON\libs\jsoncpp\src\json_writer.cpp">
      <Filter>addons\ofxJson\libs\jsoncpp\source</Filter>
    </ClCompile>
  </ItemGroup>
  <ItemGroup>
    <Filter Include="src">
      <UniqueIdentifier>{d8376475-7454-4a24-b08a-aac121d3ad6f}</UniqueIdentifier>
    </Filter>
    <Filter Include="addons">
      <UniqueIdentifier>{79825aa4-020b-4150-aee7-56bd2fffc038}</UniqueIdentifier>
    </Filter>
    <Filter Include="addons\ofxJson">
      <UniqueIdentifier>{4616632b-5994-4188-9db2-27bfe3259942}</UniqueIdentifier>
    </Filter>
    <Filter Include="addons\ofxJson\libs">
      <UniqueIdentifier>{a6dedddb-093b-4f5e-8abc-b0514e05f16d}</UniqueIdentifier>
    </Filter>
    <Filter Include="addons\ofxJson\libs\jsoncpp">
      <UniqueIdentifier>{7c8e40db-dc43-4a0d-9048-0940f40cf8f6}</UniqueIdentifier>
    </Filter>
    <Filter Include="addons\ofxJson\libs\jsoncpp\source">
      <UniqueIdentifier>{aaa3cc9a-8a95-47b1-910b-105da2e63993}</UniqueIdentifier>
    </Filter>
    <Filter Include="addons\ofxJson\libs\jsoncpp\include">
      <UniqueIdentifier>{d4e284d6-2b8e-4681-b6e8-bedd99a548f5}</UniqueIdentifier>
    </Filter>
    <Filter Include="addons\ofxJson\libs\jsoncpp\include\json">
      <UniqueIdentifier>{78c32fed-ed50-4ff6-b6ad-a79fa4aa9ec1}</UniqueIdentifier>
    </Filter>
  </ItemGroup>
  <ItemGroup>
    <ClInclude Include="src\ofApp.h">
      <Filter>src</Filter>
    </ClInclude>
    <ClInclude Include="..\..\ofxJSON\libs\jsoncpp\src\json_batchallocator.h">
      <Filter>addons\ofxJson\libs\jsoncpp\source</Filter>
    </ClInclude>
    <ClInclude Include="..\..\ofxJSON\libs\jsoncpp\src\json_tool.h">
      <Filter>addons\ofxJson\libs\jsoncpp\source</Filter>
    </ClInclude>
    <ClInclude Include="..\..\ofxJSON\libs\jsoncpp\include\json\autolink.h">
      <Filter>addons\ofxJson\libs\jsoncpp\include\json</Filter>
    </ClInclude>
    <ClInclude Include="..\..\ofxJSON\libs\jsoncpp\include\json\config.h">
      <Filter>addons\ofxJson\libs\jsoncpp\include\json</Filter>
    </ClInclude>
    <ClInclude Include="..\..\ofxJSON\libs\jsoncpp\include\json\features.h">
      <Filter>addons\ofxJson\libs\jsoncpp\include\json</Filter>
    </ClInclude>
    <ClInclude Include="..\..\ofxJSON\libs\jsoncpp\include\json\forwards.h">
      <Filter>addons\ofxJson\libs\jsoncpp\include\json</Filter>
    </ClInclude>
    <ClInclude Include="..\..\ofxJSON\libs\jsoncpp\include\json\json.h">
      <Filter>addons\ofxJson\libs\jsoncpp\include\json</Filter>
    </ClInclude>
    <ClInclude Include="..\..\ofxJSON\libs\jsoncpp\include\json\reader.h">
      <Filter>addons\ofxJson\libs\jsoncpp\include\json</Filter>
    </ClInclude>
    <ClInclude Include="..\..\ofxJSON\libs\jsoncpp\include\json\value.h">
      <Filter>addons\ofxJson\libs\jsoncpp\include\json</Filter>
    </ClInclude>
    <ClInclude Include="..\..\ofxJSON\libs\jsoncpp\include\json\writer.h">
      <Filter>addons\ofxJson\libs\jsoncpp\include\json</Filter>
    </ClInclude>
  </ItemGroup>
  <ItemGroup>
    <ResourceCompile Include="icon.rc" />
  </ItemGroup>
  <ItemGroup>
    <None Include="..\..\ofxJSON\libs\jsoncpp\src\json_internalarray.inl">
      <Filter>addons\ofxJson\libs\jsoncpp\source</Filter>
    </None>
    <None Include="..\..\ofxJSON\libs\jsoncpp\src\json_internalmap.inl">
      <Filter>addons\ofxJson\libs\jsoncpp\source</Filter>
    </None>
    <None Include="..\..\ofxJSON\libs\jsoncpp\src\json_valueiterator.inl">
      <Filter>addons\ofxJson\libs\jsoncpp\source</Filter>
    </None>
    <None Include="..\..\ofxJSON\libs\jsoncpp\src\sconscript">
      <Filter>addons\ofxJson\libs\jsoncpp\source</Filter>
    </None>
  </ItemGroup>
</Project>